
Microsoft Visual Studio Solution File, Format Version 12.00
# Visual Studio Version 16
VisualStudioVersion = 16.0.29306.81
MinimumVisualStudioVersion = 10.0.40219.1
Project("{F184B08F-C81C-45F6-A57F-5ABD9991F28F}") = "IMAX Theatre", "IMAX Theatre\IMAX Theatre.vbproj", "{FCB96361-300D-4903-A100-4F08D0335F56}"
EndProject
Global
	GlobalSection(SolutionConfigurationPlatforms) = preSolution
		Debug|Any CPU = Debug|Any CPU
		Release|Any CPU = Release|Any CPU
	EndGlobalSection
	GlobalSection(ProjectConfigurationPlatforms) = postSolution
		{FCB96361-300D-4903-A100-4F08D0335F56}.Debug|Any CPU.ActiveCfg = Debug|Any CPU
		{FCB96361-300D-4903-A100-4F08D0335F56}.Debug|Any CPU.Build.0 = Debug|Any CPU
		{FCB96361-300D-4903-A100-4F08D0335F56}.Release|Any CPU.ActiveCfg = Release|Any CPU
		{FCB96361-300D-4903-A100-4F08D0335F56}.Release|Any CPU.Build.0 = Release|Any CPU
	EndGlobalSection
	GlobalSection(SolutionProperties) = preSolution
		HideSolutionNode = FALSE
	EndGlobalSection
	GlobalSection(ExtensibilityGlobals) = postSolution
		SolutionGuid = {D330B04B-2C2B-4E63-A375-BF8275E4A708}
	EndGlobalSection
EndGlobal
